
Microsoft Visual Studio Solution File, Format Version 12.00
# Visual Studio Version 17
VisualStudioVersion = 17.9.34728.123
MinimumVisualStudioVersion = 10.0.40219.1
Project("{FAE04EC0-301F-11D3-BF4B-00C04F79EFBC}") = "Arbolbalanceado", "Arbolbalanceado\Arbolbalanceado.csproj", "{4A331E45-4815-41CC-B8A2-53782C40BBFB}"
EndProject
Global
	GlobalSection(SolutionConfigurationPlatforms) = preSolution
		Debug|Any CPU = Debug|Any CPU
		Release|Any CPU = Release|Any CPU
	EndGlobalSection
	GlobalSection(ProjectConfigurationPlatforms) = postSolution
		{4A331E45-4815-41CC-B8A2-53782C40BBFB}.Debug|Any CPU.ActiveCfg = Debug|Any CPU
		{4A331E45-4815-41CC-B8A2-53782C40BBFB}.Debug|Any CPU.Build.0 = Debug|Any CPU
		{4A331E45-4815-41CC-B8A2-53782C40BBFB}.Release|Any CPU.ActiveCfg = Release|Any CPU
		{4A331E45-4815-41CC-B8A2-53782C40BBFB}.Release|Any CPU.Build.0 = Release|Any CPU
	EndGlobalSection
	GlobalSection(SolutionProperties) = preSolution
		HideSolutionNode = FALSE
	EndGlobalSection
	GlobalSection(ExtensibilityGlobals) = postSolution
		SolutionGuid = {A57C169E-ED6E-4B67-8A67-ACB046CC6347}
	EndGlobalSection
EndGlobal
